// !$*UTF8*$!
{
	archiveVersion = 1;
	classes = {
	};
	objectVersion = 48;
	objects = {

/* Begin PBXBuildFile section */
		94939C9620A23BFB000A5699 /* AppDelegate.swift in Sources */ = {isa = PBXBuildFile; fileRef = 94939C9520A23BFB000A5699 /* AppDelegate.swift */; };
		94939C9820A23BFB000A5699 /* ViewController.swift in Sources */ = {isa = PBXBuildFile; fileRef = 94939C9720A23BFB000A5699 /* ViewController.swift */; };
		94939C9B20A23BFB000A5699 /* Main.storyboard in Resources */ = {isa = PBXBuildFile; fileRef = 94939C9920A23BFB000A5699 /* Main.storyboard */; };
		94939C9D20A23BFB000A5699 /* Assets.xcassets in Resources */ = {isa = PBXBuildFile; fileRef = 94939C9C20A23BFB000A5699 /* Assets.xcassets */; };
		94939CA020A23BFB000A5699 /* LaunchScreen.storyboard in Resources */ = {isa = PBXBuildFile; fileRef = 94939C9E20A23BFB000A5699 /* LaunchScreen.storyboard */; };
/* End PBXBuildFile section */

/* Begin PBXFileReference section */
		94939C9220A23BFB000A5699 /* TestEncryption.app */ = {isa = PBXFileReference; explicitFileType = wrapper.application; includeInIndex = 0; path = TestEncryption.app; sourceTree = BUILT_PRODUCTS_DIR; };
		94939C9520A23BFB000A5699 /* AppDelegate.swift */ = {isa = PBXFileReference; lastKnownFileType = sourcecode.swift; path = AppDelegate.swift; sourceTree = "<group>"; };
		94939C9720A23BFB000A5699 /* ViewController.swift */ = {isa = PBXFileReference; lastKnownFileType = sourcecode.swift; path = ViewController.swift; sourceTree = "<group>"; };
		94939C9A20A23BFB000A5699 /* Base */ = {isa = PBXFileReference; lastKnownFileType = file.storyboard; name = Base; path = Base.lproj/Main.storyboard; sourceTree = "<group>"; };
		94939C9C20A23BFB000A5699 /* Assets.xcassets */ = {isa = PBXFileReference; lastKnownFileType = folder.assetcatalog; path = Assets.xcassets; sourceTree = "<group>"; };
		94939C9F20A23BFB000A5699 /* Base */ = {isa = PBXFileReference; lastKnownFileType = file.storyboard; name = Base; path = Base.lproj/LaunchScreen.storyboard; sourceTree = "<group>"; };
		94939CA120A23BFC000A5699 /* Info.plist */ = {isa = PBXFileReference; lastKnownFileType = text.plist.xml; path = Info.plist; sourceTree = "<group>"; };
/* End PBXFileReference section */

/* Begin PBXFrameworksBuildPhase section */
		94939C8F20A23BFB000A5699 /* Frameworks */ = {
			isa = PBXFrameworksBuildPhase;
			buildActionMask = 2147483647;
			files = (
			);
			runOnlyForDeploymentPostprocessing = 0;
		};
/* End PBXFrameworksBuildPhase section */

/* Begin PBXGroup section */
		94939C8920A23BFB000A5699 = {
			isa = PBXGroup;
			children = (
				94939C9420A23BFB000A5699 /* TestEncryption */,
				94939C9320A23BFB000A5699 /* Products */,
			);
			sourceTree = "<group>";
		};
		94939C9320A23BFB000A5699 /* Products */ = {
			isa = PBXGroup;
			children = (
				94939C9220A23BFB000A5699 /* TestEncryption.app */,
			);
			name = Products;
			sourceTree = "<group>";
		};
		94939C9420A23BFB000A5699 /* TestEncryption */ = {
			isa = PBXGroup;
			children = (
				94939C9520A23BFB000A5699 /* AppDelegate.swift */,
				94939C9720A23BFB000A5699 /* ViewController.swift */,
				94939C9920A23BFB000A5699 /* Main.storyboard */,
				94939C9C20A23BFB000A5699 /* Assets.xcassets */,
				94939C9E20A23BFB000A5699 /* LaunchScreen.storyboard */,
				94939CA120A23BFC000A5699 /* Info.plist */,
			);
			path = TestEncryption;
			sourceTree = "<group>";
		};
/* End PBXGroup section */

/* Begin PBXNativeTarget section */
		94939C9120A23BFB000A5699 /* TestEncryption */ = {
			isa = PBXNativeTarget;
			buildConfigurationList = 94939CA420A23BFC000A5699 /* Build configuration list for PBXNativeTarget "TestEncryption" */;
			buildPhases = (
				94939C8E20A23BFB000A5699 /* Sources */,
				94939C8F20A23BFB000A5699 /* Frameworks */,
				94939C9020A23BFB000A5699 /* Resources */,
			);
			buildRules = (
			);
			dependencies = (
			);
			name = TestEncryption;
			productName = TestEncryption;
			productReference = 94939C9220A23BFB000A5699 /* TestEncryption.app */;
			productType = "com.apple.product-type.application";
		};
/* End PBXNativeTarget section */

/* Begin PBXProject section */
		94939C8A20A23BFB000A5699 /* Project object */ = {
			isa = PBXProject;
			attributes = {
				LastSwiftUpdateCheck = 0920;
				LastUpgradeCheck = 0920;
				ORGANIZATIONNAME = "Sreekanth Iragam Reddy";
				TargetAttributes = {
					94939C9120A23BFB000A5699 = {
						CreatedOnToolsVersion = 9.2;
						ProvisioningStyle = Automatic;
					};
				};
			};
			buildConfigurationList = 94939C8D20A23BFB000A5699 /* Build configuration list for PBXProject "TestEncryption" */;
			compatibilityVersion = "Xcode 8.0";
			developmentRegion = en;
			hasScannedForEncodings = 0;
			knownRegions = (
				en,
				Base,
			);
			mainGroup = 94939C8920A23BFB000A5699;
			productRefGroup = 94939C9320A23BFB000A5699 /* Products */;
			projectDirPath = "";
			projectRoot = "";
			targets = (
				94939C9120A23BFB000A5699 /* TestEncryption */,
			);
		};
/* End PBXProject section */

/* Begin PBXResourcesBuildPhase section */
		94939C9020A23BFB000A5699 /* Resources */ = {
			isa = PBXResourcesBuildPhase;
			buildActionMask = 2147483647;
			files = (
				94939CA020A23BFB000A5699 /* LaunchScreen.storyboard in Resources */,
				94939C9D20A23BFB000A5699 /* Assets.xcassets in Resources */,
				94939C9B20A23BFB000A5699 /* Main.storyboard in Resources */,
			);
			runOnlyForDeploymentPostprocessing = 0;
		};
/* End PBXResourcesBuildPhase section */

/* Begin PBXSourcesBuildPhase section */
		94939C8E20A23BFB000A5699 /* Sources */ = {
			isa = PBXSourcesBuildPhase;
			buildActionMask = 2147483647;
			files = (
				94939C9820A23BFB000A5699 /* ViewController.swift in Sources */,
				94939C9620A23BFB000A5699 /* AppDelegate.swift in Sources */,
			);
			runOnlyForDeploymentPostprocessing = 0;
		};
/* End PBXSourcesBuildPhase section */

/* Begin PBXVariantGroup section */
		94939C9920A23BFB000A5699 /* Main.storyboard */ = {
			isa = PBXVariantGroup;
			children = (
				94939C9A20A23BFB000A5699 /* Base */,
			);
			name = Main.storyboard;
			sourceTree = "<group>";
		};
		94939C9E20A23BFB000A5699 /* LaunchScreen.storyboard */ = {
			isa = PBXVariantGroup;
			children = (
				94939C9F20A23BFB000A5699 /* Base */,
			);
			name = LaunchScreen.storyboard;
			sourceTree = "<group>";
		};
/* End PBXVariantGroup section */

/* Begin XCBuildConfiguration section */
		94939CA220A23BFC000A5699 /* Debug */ = {
			isa = XCBuildConfiguration;
			buildSettings = {
				ALWAYS_SEARCH_USER_PATHS = NO;
				CLANG_ANALYZER_NONNULL = YES;
				CLANG_ANALYZER_NUMBER_OBJECT_CONVERSION = YES_AGGRESSIVE;
				CLANG_CXX_LANGUAGE_STANDARD = "gnu++14";
				CLANG_CXX_LIBRARY = "libc++";
				CLANG_ENABLE_MODULES = YES;
				CLANG_ENABLE_OBJC_ARC = YES;
				CLANG_WARN_BLOCK_CAPTURE_AUTORELEASING = YES;
				CLANG_WARN_BOOL_CONVERSION = YES;
				CLANG_WARN_COMMA = YES;
				CLANG_WARN_CONSTANT_CONVERSION = YES;
				CLANG_WARN_DIRECT_OBJC_ISA_USAGE = YES_ERROR;
				CLANG_WARN_DOCUMENTATION_COMMENTS = YES;
				CLANG_WARN_EMPTY_BODY = YES;
				CLANG_WARN_ENUM_CONVERSION = YES;
				CLANG_WARN_INFINITE_RECURSION = YES;
				CLANG_WARN_INT_CONVERSION = YES;
				CLANG_WARN_NON_LITERAL_NULL_CONVERSION = YES;
				CLANG_WARN_OBJC_LITERAL_CONVERSION = YES;
				CLANG_WARN_OBJC_ROOT_CLASS = YES_ERROR;
				CLANG_WARN_RANGE_LOOP_ANALYSIS = YES;
				CLANG_WARN_STRICT_PROTOTYPES = YES;
				CLANG_WARN_SUSPICIOUS_MOVE = YES;
				CLANG_WARN_UNGUARDED_AVAILABILITY = YES_AGGRESSIVE;
				CLANG_WARN_UNREACHABLE_CODE = YES;
				CLANG_WARN__DUPLICATE_METHOD_MATCH = YES;
				CODE_SIGN_IDENTITY = "iPhone Developer";
				COPY_PHASE_STRIP = NO;
				DEBUG_INFORMATION_FORMAT = dwarf;
				ENABLE_STRICT_OBJC_MSGSEND = YES;
				ENABLE_TESTABILITY = YES;
				GCC_C_LANGUAGE_STANDARD = gnu11;
				GCC_DYNAMIC_NO_PIC = NO;
				GCC_NO_COMMON_BLOCKS = YES;
				GCC_OPTIMIZATION_LEVEL = 0;
				GCC_PREPROCESSOR_DEFINITIONS = (
					"DEBUG=1",
					"$(inherited)",
				);
				GCC_WARN_64_TO_32_BIT_CONVERSION = YES;
				GCC_WARN_ABOUT_RETURN_TYPE = YES_ERROR;
				GCC_WARN_UNDECLARED_SELECTOR = YES;
				GCC_WARN_UNINITIALIZED_AUTOS = YES_AGGRESSIVE;
				GCC_WARN_UNUSED_FUNCTION = YES;
				GCC_WARN_UNUSED_VARIABLE = YES;
				IPHONEOS_DEPLOYMENT_TARGET = 11.2;
				MTL_ENABLE_DEBUG_INFO = YES;
				ONLY_ACTIVE_ARCH = YES;
				SDKROOT = iphoneos;
				SWIFT_ACTIVE_COMPILATION_CONDITIONS = DEBUG;
				SWIFT_OPTIMIZATION_LEVEL = "-Onone";
			};
			name = Debug;
		};
		94939CA320A23BFC000A5699 /* Release */ = {
			isa = XCBuildConfiguration;
			buildSettings = {
				ALWAYS_SEARCH_USER_PATHS = NO;
				CLANG_ANALYZER_NONNULL = YES;
				CLANG_ANALYZER_NUMBER_OBJECT_CONVERSION = YES_AGGRESSIVE;
				CLANG_CXX_LANGUAGE_STANDARD = "gnu++14";
				CLANG_CXX_LIBRARY = "libc++";
				CLANG_ENABLE_MODULES = YES;
				CLANG_ENABLE_OBJC_ARC = YES;
				CLANG_WARN_BLOCK_CAPTURE_AUTORELEASING = YES;
				CLANG_WARN_BOOL_CONVERSION = YES;
				CLANG_WARN_COMMA = YES;
				CLANG_WARN_CONSTANT_CONVERSION = YES;
				CLANG_WARN_DIRECT_OBJC_ISA_USAGE = YES_ERROR;
				CLANG_WARN_DOCUMENTATION_COMMENTS = YES;
				CLANG_WARN_EMPTY_BODY = YES;
				CLANG_WARN_ENUM_CONVERSION = YES;
				CLANG_WARN_INFINITE_RECURSION = YES;
				CLANG_WARN_INT_CONVERSION = YES;
				CLANG_WARN_NON_LITERAL_NULL_CONVERSION = YES;
				CLANG_WARN_OBJC_LITERAL_CONVERSION = YES;
				CLANG_WARN_OBJC_ROOT_CLASS = YES_ERROR;
				CLANG_WARN_RANGE_LOOP_ANALYSIS = YES;
				CLANG_WARN_STRICT_PROTOTYPES = YES;
				CLANG_WARN_SUSPICIOUS_MOVE = YES;
				CLANG_WARN_UNGUARDED_AVAILABILITY = YES_AGGRESSIVE;
				CLANG_WARN_UNREACHABLE_CODE = YES;
				CLANG_WARN__DUPLICATE_METHOD_MATCH = YES;
				CODE_SIGN_IDENTITY = "iPhone Developer";
				COPY_PHASE_STRIP = NO;
				DEBUG_INFORMATION_FORMAT = "dwarf-with-dsym";
				ENABLE_NS_ASSERTIONS = NO;
				ENABLE_STRICT_OBJC_MSGSEND = YES;
				GCC_C_LANGUAGE_STANDARD = gnu11;
				GCC_NO_COMMON_BLOCKS = YES;
				GCC_WARN_64_TO_32_BIT_CONVERSION = YES;
				GCC_WARN_ABOUT_RETURN_TYPE = YES_ERROR;
				GCC_WARN_UNDECLARED_SELECTOR = YES;
				GCC_WARN_UNINITIALIZED_AUTOS = YES_AGGRESSIVE;
				GCC_WARN_UNUSED_FUNCTION = YES;
				GCC_WARN_UNUSED_VARIABLE = YES;
				IPHONEOS_DEPLOYMENT_TARGET = 11.2;
				MTL_ENABLE_DEBUG_INFO = NO;
				SDKROOT = iphoneos;
				SWIFT_OPTIMIZATION_LEVEL = "-Owholemodule";
				VALIDATE_PRODUCT = YES;
			};
			name = Release;
		};
		94939CA520A23BFC000A5699 /* Debug */ = {
			isa = XCBuildConfiguration;
			buildSettings = {
				ASSETCATALOG_COMPILER_APPICON_NAME = AppIcon;
				CODE_SIGN_STYLE = Automatic;
				INFOPLIST_FILE = TestEncryption/Info.plist;
				LD_RUNPATH_SEARCH_PATHS = "$(inherited) @executable_path/Frameworks";
				PRODUCT_BUNDLE_IDENTIFIER = new.sample.TestEncryption;
				PRODUCT_NAME = "$(TARGET_NAME)";
				SWIFT_VERSION = 4.0;
				TARGETED_DEVICE_FAMILY = "1,2";
			};
			name = Debug;
		};
		94939CA620A23BFC000A5699 /* Release */ = {
			isa = XCBuildConfiguration;
			buildSettings = {
				ASSETCATALOG_COMPILER_APPICON_NAME = AppIcon;
				CODE_SIGN_STYLE = Automatic;
				INFOPLIST_FILE = TestEncryption/Info.plist;
				LD_RUNPATH_SEARCH_PATHS = "$(inherited) @executable_path/Frameworks";
				PRODUCT_BUNDLE_IDENTIFIER = new.sample.TestEncryption;
				PRODUCT_NAME = "$(TARGET_NAME)";
				SWIFT_VERSION = 4.0;
				TARGETED_DEVICE_FAMILY = "1,2";
			};
			name = Release;
		};
/* End XCBuildConfiguration section */

/* Begin XCConfigurationList section */
		94939C8D20A23BFB000A5699 /* Build configuration list for PBXProject "TestEncryption" */ = {
			isa = XCConfigurationList;
			buildConfigurations = (
				94939CA220A23BFC000A5699 /* Debug */,
				94939CA320A23BFC000A5699 /* Release */,
			);
			defaultConfigurationIsVisible = 0;
			defaultConfigurationName = Release;
		};
		94939CA420A23BFC000A5699 /* Build configuration list for PBXNativeTarget "TestEncryption" */ = {
			isa = XCConfigurationList;
			buildConfigurations = (
				94939CA520A23BFC000A5699 /* Debug */,
				94939CA620A23BFC000A5699 /* Release */,
			);
			defaultConfigurationIsVisible = 0;
			defaultConfigurationName = Release;
		};
/* End XCConfigurationList section */
	};
	rootObject = 94939C8A20A23BFB000A5699 /* Project object */;
}
